
Microsoft Visual Studio Solution File, Format Version 12.00
# Visual Studio Version 16
VisualStudioVersion = 16.0.30611.23
MinimumVisualStudioVersion = 10.0.40219.1
Project("{FAE04EC0-301F-11D3-BF4B-00C04F79EFBC}") = "MSD.ZipCode.V2.API", "MSD.ZipCode.V2.API\MSD.ZipCode.V2.API.csproj", "{1DA2340D-DBB4-4137-903F-944C73022070}"
EndProject
Project("{FAE04EC0-301F-11D3-BF4B-00C04F79EFBC}") = "MSD.ZipCode.V2.Repository.SOAP", "MSD.ZipCode.V2.Repository.SOAP\MSD.ZipCode.V2.Repository.SOAP.csproj", "{F8CAD993-2753-4508-869B-3FAC3AA1846B}"
EndProject
Project("{FAE04EC0-301F-11D3-BF4B-00C04F79EFBC}") = "MSD.ZipCode.V2.Domain", "MSD.ZipCode.V2.Domain\MSD.ZipCode.V2.Domain.csproj", "{22820E68-C1D4-4C33-82FB-FB949E7C07EC}"
EndProject
Global
	GlobalSection(SolutionConfigurationPlatforms) = preSolution
		Debug|Any CPU = Debug|Any CPU
		Release|Any CPU = Release|Any CPU
	EndGlobalSection
	GlobalSection(ProjectConfigurationPlatforms) = postSolution
		{1DA2340D-DBB4-4137-903F-944C73022070}.Debug|Any CPU.ActiveCfg = Debug|Any CPU
		{1DA2340D-DBB4-4137-903F-944C73022070}.Debug|Any CPU.Build.0 = Debug|Any CPU
		{1DA2340D-DBB4-4137-903F-944C73022070}.Release|Any CPU.ActiveCfg = Release|Any CPU
		{1DA2340D-DBB4-4137-903F-944C73022070}.Release|Any CPU.Build.0 = Release|Any CPU
		{F8CAD993-2753-4508-869B-3FAC3AA1846B}.Debug|Any CPU.ActiveCfg = Debug|Any CPU
		{F8CAD993-2753-4508-869B-3FAC3AA1846B}.Debug|Any CPU.Build.0 = Debug|Any CPU
		{F8CAD993-2753-4508-869B-3FAC3AA1846B}.Release|Any CPU.ActiveCfg = Release|Any CPU
		{F8CAD993-2753-4508-869B-3FAC3AA1846B}.Release|Any CPU.Build.0 = Release|Any CPU
		{22820E68-C1D4-4C33-82FB-FB949E7C07EC}.Debug|Any CPU.ActiveCfg = Debug|Any CPU
		{22820E68-C1D4-4C33-82FB-FB949E7C07EC}.Debug|Any CPU.Build.0 = Debug|Any CPU
		{22820E68-C1D4-4C33-82FB-FB949E7C07EC}.Release|Any CPU.ActiveCfg = Release|Any CPU
		{22820E68-C1D4-4C33-82FB-FB949E7C07EC}.Release|Any CPU.Build.0 = Release|Any CPU
	EndGlobalSection
	GlobalSection(SolutionProperties) = preSolution
		HideSolutionNode = FALSE
	EndGlobalSection
	GlobalSection(ExtensibilityGlobals) = postSolution
		SolutionGuid = {4B350115-6E57-417C-9361-7CCDBB1F9DAD}
	EndGlobalSection
EndGlobal
