
Microsoft Visual Studio Solution File, Format Version 12.00
# Visual Studio Version 16
VisualStudioVersion = 16.0.30611.23
MinimumVisualStudioVersion = 10.0.40219.1
Project("{FAE04EC0-301F-11D3-BF4B-00C04F79EFBC}") = "MSD.ZipCode.V1.API", "MSD.ZipCode.V1.API\MSD.ZipCode.V1.API.csproj", "{242D0844-72CF-4501-86AC-EA3239092FAD}"
EndProject
Global
	GlobalSection(SolutionConfigurationPlatforms) = preSolution
		Debug|Any CPU = Debug|Any CPU
		Release|Any CPU = Release|Any CPU
	EndGlobalSection
	GlobalSection(ProjectConfigurationPlatforms) = postSolution
		{242D0844-72CF-4501-86AC-EA3239092FAD}.Debug|Any CPU.ActiveCfg = Debug|Any CPU
		{242D0844-72CF-4501-86AC-EA3239092FAD}.Debug|Any CPU.Build.0 = Debug|Any CPU
		{242D0844-72CF-4501-86AC-EA3239092FAD}.Release|Any CPU.ActiveCfg = Release|Any CPU
		{242D0844-72CF-4501-86AC-EA3239092FAD}.Release|Any CPU.Build.0 = Release|Any CPU
	EndGlobalSection
	GlobalSection(SolutionProperties) = preSolution
		HideSolutionNode = FALSE
	EndGlobalSection
	GlobalSection(ExtensibilityGlobals) = postSolution
		SolutionGuid = {25BBC0C5-C9E8-4379-982E-863EB37338E3}
	EndGlobalSection
EndGlobal
